
Microsoft Visual Studio Solution File, Format Version 12.00
# Visual Studio Version 16
VisualStudioVersion = 16.0.31515.178
MinimumVisualStudioVersion = 10.0.40219.1
Project("{888888A0-9F3D-457C-B088-3A5042F75D52}") = "Line Item", "Line Item.pyproj", "{DBE4C8B4-CC73-47FF-925B-9099DC929D24}"
EndProject
Global
	GlobalSection(SolutionConfigurationPlatforms) = preSolution
		Debug|Any CPU = Debug|Any CPU
		Release|Any CPU = Release|Any CPU
	EndGlobalSection
	GlobalSection(ProjectConfigurationPlatforms) = postSolution
		{DBE4C8B4-CC73-47FF-925B-9099DC929D24}.Debug|Any CPU.ActiveCfg = Debug|Any CPU
		{DBE4C8B4-CC73-47FF-925B-9099DC929D24}.Release|Any CPU.ActiveCfg = Release|Any CPU
	EndGlobalSection
	GlobalSection(SolutionProperties) = preSolution
		HideSolutionNode = FALSE
	EndGlobalSection
	GlobalSection(ExtensibilityGlobals) = postSolution
		SolutionGuid = {E7B45200-270E-4E90-ACCC-4E4125BD5298}
	EndGlobalSection
EndGlobal
